
Microsoft Visual Studio Solution File, Format Version 12.00
# Visual Studio 15
VisualStudioVersion = 15.0.28010.0
MinimumVisualStudioVersion = 10.0.40219.1
Project("{FAE04EC0-301F-11D3-BF4B-00C04F79EFBC}") = "UsingDirectivesExtender", "UsingDirectivesExtender\UsingDirectivesExtender\UsingDirectivesExtender.csproj", "{C573D6F8-AB95-4F97-AE8A-138402BFBC40}"
EndProject
Project("{FAE04EC0-301F-11D3-BF4B-00C04F79EFBC}") = "UsingDirectivesExtender.Vsix", "UsingDirectivesExtender\UsingDirectivesExtender.Vsix\UsingDirectivesExtender.Vsix.csproj", "{38F94C1C-E116-4404-845A-1A744E61F68E}"
EndProject
Global
	GlobalSection(SolutionConfigurationPlatforms) = preSolution
		Debug|Any CPU = Debug|Any CPU
		Release|Any CPU = Release|Any CPU
	EndGlobalSection
	GlobalSection(ProjectConfigurationPlatforms) = postSolution
		{C573D6F8-AB95-4F97-AE8A-138402BFBC40}.Debug|Any CPU.ActiveCfg = Debug|Any CPU
		{C573D6F8-AB95-4F97-AE8A-138402BFBC40}.Debug|Any CPU.Build.0 = Debug|Any CPU
		{C573D6F8-AB95-4F97-AE8A-138402BFBC40}.Release|Any CPU.ActiveCfg = Release|Any CPU
		{C573D6F8-AB95-4F97-AE8A-138402BFBC40}.Release|Any CPU.Build.0 = Release|Any CPU
		{38F94C1C-E116-4404-845A-1A744E61F68E}.Debug|Any CPU.ActiveCfg = Debug|Any CPU
		{38F94C1C-E116-4404-845A-1A744E61F68E}.Debug|Any CPU.Build.0 = Debug|Any CPU
		{38F94C1C-E116-4404-845A-1A744E61F68E}.Release|Any CPU.ActiveCfg = Release|Any CPU
		{38F94C1C-E116-4404-845A-1A744E61F68E}.Release|Any CPU.Build.0 = Release|Any CPU
	EndGlobalSection
	GlobalSection(SolutionProperties) = preSolution
		HideSolutionNode = FALSE
	EndGlobalSection
	GlobalSection(ExtensibilityGlobals) = postSolution
		SolutionGuid = {4FAA4753-E960-4F44-AF0F-E34A8042D696}
	EndGlobalSection
EndGlobal
